
Microsoft Visual Studio Solution File, Format Version 12.00
# Visual Studio Version 17
VisualStudioVersion = 17.8.34322.80
MinimumVisualStudioVersion = 10.0.40219.1
Project("{2150E333-8FDC-42A3-9474-1A3956D46DE8}") = "src", "src", "{16AFD523-9C42-4759-8177-E749B2CC9467}"
EndProject
Project("{2150E333-8FDC-42A3-9474-1A3956D46DE8}") = "test", "test", "{8D4B5D1F-BB6F-4214-BBF2-14D217EB2649}"
EndProject
Project("{2150E333-8FDC-42A3-9474-1A3956D46DE8}") = "API", "API", "{760F3712-3322-492B-9366-731E15785DC6}"
EndProject
Project("{2150E333-8FDC-42A3-9474-1A3956D46DE8}") = "Core", "Core", "{4871A012-59A9-4381-868E-6D9867885626}"
EndProject
Project("{2150E333-8FDC-42A3-9474-1A3956D46DE8}") = "Infrastructure", "Infrastructure", "{30ED365C-DC03-4690-B043-3AA6AF909860}"
EndProject
Project("{2150E333-8FDC-42A3-9474-1A3956D46DE8}") = "Application", "Application", "{B9A68B19-B852-40DB-87B6-1CE3FB6475FB}"
EndProject
Project("{2150E333-8FDC-42A3-9474-1A3956D46DE8}") = "Domain", "Domain", "{A9E7A280-947E-4C67-B6A7-2DA03B435921}"
EndProject
Project("{9A19103F-16F7-4668-BE54-9A1E7A4F7556}") = "HealthHub.Identity", "HealthHub.Identity\HealthHub.Identity.csproj", "{40417227-8908-40A8-9010-1808BE901BEF}"
EndProject
Project("{9A19103F-16F7-4668-BE54-9A1E7A4F7556}") = "HealthHub.Infrastructure", "HealthHub.Infrastructure\HealthHub.Infrastructure.csproj", "{4067BC4F-B0DB-45A5-B716-378851BEBC21}"
EndProject
Project("{9A19103F-16F7-4668-BE54-9A1E7A4F7556}") = "HealthHub.Domain", "HealthHub.Domain\HealthHub.Domain.csproj", "{9192FEA4-AE98-4E1A-AD77-376962E0B419}"
EndProject
Project("{9A19103F-16F7-4668-BE54-9A1E7A4F7556}") = "HealthHub.Application", "HealthHub.Application\HealthHub.Application.csproj", "{AA5836C9-7ACB-431C-BED4-425D086DDA38}"
EndProject
Project("{9A19103F-16F7-4668-BE54-9A1E7A4F7556}") = "HealthHub.API", "HealthHub.API\HealthHub.API.csproj", "{8CF4467F-F357-4390-AB12-C0B3551F0314}"
EndProject
Project("{2150E333-8FDC-42A3-9474-1A3956D46DE8}") = "UI", "UI", "{C82227EF-4E78-4BCA-9AD1-0FBA540CB324}"
EndProject
Global
	GlobalSection(SolutionConfigurationPlatforms) = preSolution
		Debug|Any CPU = Debug|Any CPU
		Release|Any CPU = Release|Any CPU
	EndGlobalSection
	GlobalSection(ProjectConfigurationPlatforms) = postSolution
		{40417227-8908-40A8-9010-1808BE901BEF}.Debug|Any CPU.ActiveCfg = Debug|Any CPU
		{40417227-8908-40A8-9010-1808BE901BEF}.Debug|Any CPU.Build.0 = Debug|Any CPU
		{40417227-8908-40A8-9010-1808BE901BEF}.Release|Any CPU.ActiveCfg = Release|Any CPU
		{40417227-8908-40A8-9010-1808BE901BEF}.Release|Any CPU.Build.0 = Release|Any CPU
		{4067BC4F-B0DB-45A5-B716-378851BEBC21}.Debug|Any CPU.ActiveCfg = Debug|Any CPU
		{4067BC4F-B0DB-45A5-B716-378851BEBC21}.Debug|Any CPU.Build.0 = Debug|Any CPU
		{4067BC4F-B0DB-45A5-B716-378851BEBC21}.Release|Any CPU.ActiveCfg = Release|Any CPU
		{4067BC4F-B0DB-45A5-B716-378851BEBC21}.Release|Any CPU.Build.0 = Release|Any CPU
		{9192FEA4-AE98-4E1A-AD77-376962E0B419}.Debug|Any CPU.ActiveCfg = Debug|Any CPU
		{9192FEA4-AE98-4E1A-AD77-376962E0B419}.Debug|Any CPU.Build.0 = Debug|Any CPU
		{9192FEA4-AE98-4E1A-AD77-376962E0B419}.Release|Any CPU.ActiveCfg = Release|Any CPU
		{9192FEA4-AE98-4E1A-AD77-376962E0B419}.Release|Any CPU.Build.0 = Release|Any CPU
		{AA5836C9-7ACB-431C-BED4-425D086DDA38}.Debug|Any CPU.ActiveCfg = Debug|Any CPU
		{AA5836C9-7ACB-431C-BED4-425D086DDA38}.Debug|Any CPU.Build.0 = Debug|Any CPU
		{AA5836C9-7ACB-431C-BED4-425D086DDA38}.Release|Any CPU.ActiveCfg = Release|Any CPU
		{AA5836C9-7ACB-431C-BED4-425D086DDA38}.Release|Any CPU.Build.0 = Release|Any CPU
		{8CF4467F-F357-4390-AB12-C0B3551F0314}.Debug|Any CPU.ActiveCfg = Debug|Any CPU
		{8CF4467F-F357-4390-AB12-C0B3551F0314}.Debug|Any CPU.Build.0 = Debug|Any CPU
		{8CF4467F-F357-4390-AB12-C0B3551F0314}.Release|Any CPU.ActiveCfg = Release|Any CPU
		{8CF4467F-F357-4390-AB12-C0B3551F0314}.Release|Any CPU.Build.0 = Release|Any CPU
	EndGlobalSection
	GlobalSection(SolutionProperties) = preSolution
		HideSolutionNode = FALSE
	EndGlobalSection
	GlobalSection(NestedProjects) = preSolution
		{760F3712-3322-492B-9366-731E15785DC6} = {16AFD523-9C42-4759-8177-E749B2CC9467}
		{4871A012-59A9-4381-868E-6D9867885626} = {16AFD523-9C42-4759-8177-E749B2CC9467}
		{30ED365C-DC03-4690-B043-3AA6AF909860} = {16AFD523-9C42-4759-8177-E749B2CC9467}
		{B9A68B19-B852-40DB-87B6-1CE3FB6475FB} = {4871A012-59A9-4381-868E-6D9867885626}
		{A9E7A280-947E-4C67-B6A7-2DA03B435921} = {4871A012-59A9-4381-868E-6D9867885626}
		{40417227-8908-40A8-9010-1808BE901BEF} = {30ED365C-DC03-4690-B043-3AA6AF909860}
		{4067BC4F-B0DB-45A5-B716-378851BEBC21} = {30ED365C-DC03-4690-B043-3AA6AF909860}
		{9192FEA4-AE98-4E1A-AD77-376962E0B419} = {A9E7A280-947E-4C67-B6A7-2DA03B435921}
		{AA5836C9-7ACB-431C-BED4-425D086DDA38} = {B9A68B19-B852-40DB-87B6-1CE3FB6475FB}
		{8CF4467F-F357-4390-AB12-C0B3551F0314} = {760F3712-3322-492B-9366-731E15785DC6}
		{C82227EF-4E78-4BCA-9AD1-0FBA540CB324} = {16AFD523-9C42-4759-8177-E749B2CC9467}
	EndGlobalSection
	GlobalSection(ExtensibilityGlobals) = postSolution
		SolutionGuid = {9E8F0612-2536-4D15-BF8C-B0066B569EDA}
	EndGlobalSection
EndGlobal
